github.com/davecgh/go-spew v1.1.1 h1:vj9j/u1bqnvCEfJOwUhtlOARqs3+rkHYY13jYWTU97c=
github.com/davecgh/go-spew v1.1.1/go.mod h1:J7Y8YcW2NihsgmVo/mv3lAwl/skON4iLHjSsI+c5H38=
github.com/jonathanhecl/gollama v1.0.28 h1:jLKHjZuEcYcz8wMbjIzg+4tBhJJO1yaTom/HzpEVVgM=
github.com/jonathanhecl/gollama v1.0.28/go.mod h1:NSNoKEtDf/MpGN7zK/BM87Zcmrv7tE6kzJ29vKzYMhE=
github.com/jonathanhecl/gotimeleft v0.0.2 h1:icc0MmxdrB9ZIt2cf6cQIJkUxbWKyxMmElYeqS7/90c=
github.com/jonathanhecl/gotimeleft v0.0.2/go.mod h1:5xgngX2wWmPCfMXrNvQCWvgJ/3d5KiWWPiqGRpwiWQg=
github.com/jonathanhecl/subtitle-processor v1.0.3 h1:Qp+TZu0gpaQtQGuj/SBPYYjq27zRhsKt4Hx8BpbrOno=
github.com/jonathanhecl/subtitle-processor v1.0.3/go.mod h1:LcqtpU1DimoTF3Vfuy4ja5a3Ex9JgvkeSBufLuhxDSY=
github.com/pmezard/go-difflib v1.0.0 h1:4DBwDE0NGyQoBHbLQYPwSUPoCMWR5BEzIk/f1lZbAQM=
github.com/pmezard/go-difflib v1.0.0/go.mod h1:iKH77koFhYxTK1pcRnkKkqfTogsbg7gZNVY4sRDYZ/4=
github.com/stretchr/testify v1.8.0 h1:pSgiaMZlXftHpm5L7V1+rVB+AZJydKsMxsQBIJw4PKk=
github.com/stretchr/testify v1.8.0/go.mod h1:yNjHg4UonilssWZ8iaSj1OCr/vHnekPRkoO+kdMU+MU=
gopkg.in/yaml.v3 v3.0.1 h1:fxVm/GzAzEWqLHuvctI91KS9hhNmmWOoWu0XTYJS7CA=
gopkg.in/yaml.v3 v3.0.1/go.mod h1:K4uyk7z7BCEPqu6E+C64Yfv1cQ7kz7rIZviUmN+EgEM=
